
Microsoft Visual Studio Solution File, Format Version 12.00
# Visual Studio Version 17
VisualStudioVersion = 17.2.32505.173
MinimumVisualStudioVersion = 10.0.40219.1
Project("{FAE04EC0-301F-11D3-BF4B-00C04F79EFBC}") = "CompressionSharp", "CompressionSharp\CompressionSharp.csproj", "{3371D6FD-BE00-476C-ADB9-9D40AB1130DB}"
EndProject
Global
	GlobalSection(SolutionConfigurationPlatforms) = preSolution
		Debug|Any CPU = Debug|Any CPU
		Release|Any CPU = Release|Any CPU
	EndGlobalSection
	GlobalSection(ProjectConfigurationPlatforms) = postSolution
		{3371D6FD-BE00-476C-ADB9-9D40AB1130DB}.Debug|Any CPU.ActiveCfg = Debug|Any CPU
		{3371D6FD-BE00-476C-ADB9-9D40AB1130DB}.Debug|Any CPU.Build.0 = Debug|Any CPU
		{3371D6FD-BE00-476C-ADB9-9D40AB1130DB}.Release|Any CPU.ActiveCfg = Release|Any CPU
		{3371D6FD-BE00-476C-ADB9-9D40AB1130DB}.Release|Any CPU.Build.0 = Release|Any CPU
	EndGlobalSection
	GlobalSection(SolutionProperties) = preSolution
		HideSolutionNode = FALSE
	EndGlobalSection
	GlobalSection(ExtensibilityGlobals) = postSolution
		SolutionGuid = {61AD8E02-9207-49D1-831F-1B6BCB1AB2B3}
	EndGlobalSection
EndGlobal
